
Microsoft Visual Studio Solution File, Format Version 12.00
# Visual Studio Version 16
VisualStudioVersion = 16.0.31005.135
MinimumVisualStudioVersion = 10.0.40219.1
Project("{9A19103F-16F7-4668-BE54-9A1E7A4F7556}") = "SvxlinkManager.Dashboard", "src\SvxlinkManager.Dashboard\SvxlinkManager.Dashboard.csproj", "{AEF1E738-5D3B-4E73-B383-796C4726CA18}"
EndProject
Project("{2150E333-8FDC-42A3-9474-1A3956D46DE8}") = "submodules", "submodules", "{65DD275E-0B0B-43CE-A7F8-AC67ED1AA872}"
EndProject
Project("{9A19103F-16F7-4668-BE54-9A1E7A4F7556}") = "SvxlinkManager.Common", "src\submodules\SvxlinkManager.Common\src\SvxlinkManager.Common\SvxlinkManager.Common.csproj", "{37806E5A-E901-45A5-B53C-26BB579369BB}"
EndProject
Global
	GlobalSection(SolutionConfigurationPlatforms) = preSolution
		Debug|Any CPU = Debug|Any CPU
		Release|Any CPU = Release|Any CPU
	EndGlobalSection
	GlobalSection(ProjectConfigurationPlatforms) = postSolution
		{AEF1E738-5D3B-4E73-B383-796C4726CA18}.Debug|Any CPU.ActiveCfg = Debug|Any CPU
		{AEF1E738-5D3B-4E73-B383-796C4726CA18}.Debug|Any CPU.Build.0 = Debug|Any CPU
		{AEF1E738-5D3B-4E73-B383-796C4726CA18}.Release|Any CPU.ActiveCfg = Release|Any CPU
		{AEF1E738-5D3B-4E73-B383-796C4726CA18}.Release|Any CPU.Build.0 = Release|Any CPU
		{37806E5A-E901-45A5-B53C-26BB579369BB}.Debug|Any CPU.ActiveCfg = Debug|Any CPU
		{37806E5A-E901-45A5-B53C-26BB579369BB}.Debug|Any CPU.Build.0 = Debug|Any CPU
		{37806E5A-E901-45A5-B53C-26BB579369BB}.Release|Any CPU.ActiveCfg = Release|Any CPU
		{37806E5A-E901-45A5-B53C-26BB579369BB}.Release|Any CPU.Build.0 = Release|Any CPU
	EndGlobalSection
	GlobalSection(SolutionProperties) = preSolution
		HideSolutionNode = FALSE
	EndGlobalSection
	GlobalSection(NestedProjects) = preSolution
		{37806E5A-E901-45A5-B53C-26BB579369BB} = {65DD275E-0B0B-43CE-A7F8-AC67ED1AA872}
	EndGlobalSection
	GlobalSection(ExtensibilityGlobals) = postSolution
		SolutionGuid = {3D0C8A4D-D6FF-444F-A6AA-65636A5316FC}
	EndGlobalSection
EndGlobal
